
Microsoft Visual Studio Solution File, Format Version 12.00
# Visual Studio 2012
Project("{FAE04EC0-301F-11D3-BF4B-00C04F79EFBC}") = "CrossGIS.WP7", "CrossGIS.WP7\CrossGIS.WP7.csproj", "{32DB217D-60FE-4162-97F8-8CB6C37894AD}"
EndProject
Project("{FAE04EC0-301F-11D3-BF4B-00C04F79EFBC}") = "CrossGIS.WP8", "CrossGIS.WP8\CrossGIS.WP8.csproj", "{0429C58E-5C39-46C5-BF57-3C814F3B8A6C}"
EndProject
Project("{FAE04EC0-301F-11D3-BF4B-00C04F79EFBC}") = "CrossGIS.WPF", "CrossGIS.WPF\CrossGIS.WPF.csproj", "{6C825B0E-5A39-46D3-815E-D1BB94A4570F}"
EndProject
Project("{FAE04EC0-301F-11D3-BF4B-00C04F79EFBC}") = "CrossGIS.Portable", "CrossGIS.Portable\CrossGIS.Portable.csproj", "{DB76A8B2-CC16-427E-8A40-8707F194D053}"
EndProject
Project("{2150E333-8FDC-42A3-9474-1A3956D46DE8}") = "Solution Items", "Solution Items", "{3E6067B7-EDF7-4446-B46B-861ED00410A3}"
	ProjectSection(SolutionItems) = preProject
		licence.txt = licence.txt
		Notes.txt = Notes.txt
		README.md = README.md
	EndProjectSection
EndProject
Project("{FAE04EC0-301F-11D3-BF4B-00C04F79EFBC}") = "CrossGIS.Core", "CrossGIS.Core\CrossGIS.Core.csproj", "{5922E117-0926-43CF-A17A-EA9086F4E9FA}"
EndProject
Project("{2150E333-8FDC-42A3-9474-1A3956D46DE8}") = "IdentityManager", "IdentityManager", "{E05201DC-9E9F-40EA-BE7B-32C7AE446956}"
EndProject
Project("{FAE04EC0-301F-11D3-BF4B-00C04F79EFBC}") = "SignInSample", "SignInSample\SignInSample.csproj", "{32A9C94E-956D-4375-8137-9A007C261B5E}"
EndProject
Global
	GlobalSection(SolutionConfigurationPlatforms) = preSolution
		Debug|Any CPU = Debug|Any CPU
		Debug|ARM = Debug|ARM
		Debug|x86 = Debug|x86
		Release|Any CPU = Release|Any CPU
		Release|ARM = Release|ARM
		Release|x86 = Release|x86
	EndGlobalSection
	GlobalSection(ProjectConfigurationPlatforms) = postSolution
		{32DB217D-60FE-4162-97F8-8CB6C37894AD}.Debug|Any CPU.ActiveCfg = Debug|Any CPU
		{32DB217D-60FE-4162-97F8-8CB6C37894AD}.Debug|Any CPU.Build.0 = Debug|Any CPU
		{32DB217D-60FE-4162-97F8-8CB6C37894AD}.Debug|Any CPU.Deploy.0 = Debug|Any CPU
		{32DB217D-60FE-4162-97F8-8CB6C37894AD}.Debug|ARM.ActiveCfg = Debug|Any CPU
		{32DB217D-60FE-4162-97F8-8CB6C37894AD}.Debug|x86.ActiveCfg = Debug|Any CPU
		{32DB217D-60FE-4162-97F8-8CB6C37894AD}.Release|Any CPU.ActiveCfg = Release|Any CPU
		{32DB217D-60FE-4162-97F8-8CB6C37894AD}.Release|Any CPU.Build.0 = Release|Any CPU
		{32DB217D-60FE-4162-97F8-8CB6C37894AD}.Release|Any CPU.Deploy.0 = Release|Any CPU
		{32DB217D-60FE-4162-97F8-8CB6C37894AD}.Release|ARM.ActiveCfg = Release|Any CPU
		{32DB217D-60FE-4162-97F8-8CB6C37894AD}.Release|x86.ActiveCfg = Release|Any CPU
		{0429C58E-5C39-46C5-BF57-3C814F3B8A6C}.Debug|Any CPU.ActiveCfg = Debug|Any CPU
		{0429C58E-5C39-46C5-BF57-3C814F3B8A6C}.Debug|Any CPU.Build.0 = Debug|Any CPU
		{0429C58E-5C39-46C5-BF57-3C814F3B8A6C}.Debug|Any CPU.Deploy.0 = Debug|Any CPU
		{0429C58E-5C39-46C5-BF57-3C814F3B8A6C}.Debug|ARM.ActiveCfg = Debug|ARM
		{0429C58E-5C39-46C5-BF57-3C814F3B8A6C}.Debug|ARM.Build.0 = Debug|ARM
		{0429C58E-5C39-46C5-BF57-3C814F3B8A6C}.Debug|ARM.Deploy.0 = Debug|ARM
		{0429C58E-5C39-46C5-BF57-3C814F3B8A6C}.Debug|x86.ActiveCfg = Debug|x86
		{0429C58E-5C39-46C5-BF57-3C814F3B8A6C}.Debug|x86.Build.0 = Debug|x86
		{0429C58E-5C39-46C5-BF57-3C814F3B8A6C}.Debug|x86.Deploy.0 = Debug|x86
		{0429C58E-5C39-46C5-BF57-3C814F3B8A6C}.Release|Any CPU.ActiveCfg = Release|Any CPU
		{0429C58E-5C39-46C5-BF57-3C814F3B8A6C}.Release|Any CPU.Build.0 = Release|Any CPU
		{0429C58E-5C39-46C5-BF57-3C814F3B8A6C}.Release|Any CPU.Deploy.0 = Release|Any CPU
		{0429C58E-5C39-46C5-BF57-3C814F3B8A6C}.Release|ARM.ActiveCfg = Release|ARM
		{0429C58E-5C39-46C5-BF57-3C814F3B8A6C}.Release|ARM.Build.0 = Release|ARM
		{0429C58E-5C39-46C5-BF57-3C814F3B8A6C}.Release|ARM.Deploy.0 = Release|ARM
		{0429C58E-5C39-46C5-BF57-3C814F3B8A6C}.Release|x86.ActiveCfg = Release|x86
		{0429C58E-5C39-46C5-BF57-3C814F3B8A6C}.Release|x86.Build.0 = Release|x86
		{0429C58E-5C39-46C5-BF57-3C814F3B8A6C}.Release|x86.Deploy.0 = Release|x86
		{6C825B0E-5A39-46D3-815E-D1BB94A4570F}.Debug|Any CPU.ActiveCfg = Debug|Any CPU
		{6C825B0E-5A39-46D3-815E-D1BB94A4570F}.Debug|Any CPU.Build.0 = Debug|Any CPU
		{6C825B0E-5A39-46D3-815E-D1BB94A4570F}.Debug|Any CPU.Deploy.0 = Debug|Any CPU
		{6C825B0E-5A39-46D3-815E-D1BB94A4570F}.Debug|ARM.ActiveCfg = Debug|Any CPU
		{6C825B0E-5A39-46D3-815E-D1BB94A4570F}.Debug|x86.ActiveCfg = Debug|Any CPU
		{6C825B0E-5A39-46D3-815E-D1BB94A4570F}.Release|Any CPU.ActiveCfg = Release|Any CPU
		{6C825B0E-5A39-46D3-815E-D1BB94A4570F}.Release|Any CPU.Build.0 = Release|Any CPU
		{6C825B0E-5A39-46D3-815E-D1BB94A4570F}.Release|ARM.ActiveCfg = Release|Any CPU
		{6C825B0E-5A39-46D3-815E-D1BB94A4570F}.Release|x86.ActiveCfg = Release|Any CPU
		{DB76A8B2-CC16-427E-8A40-8707F194D053}.Debug|Any CPU.ActiveCfg = Debug|Any CPU
		{DB76A8B2-CC16-427E-8A40-8707F194D053}.Debug|Any CPU.Build.0 = Debug|Any CPU
		{DB76A8B2-CC16-427E-8A40-8707F194D053}.Debug|ARM.ActiveCfg = Debug|Any CPU
		{DB76A8B2-CC16-427E-8A40-8707F194D053}.Debug|x86.ActiveCfg = Debug|Any CPU
		{DB76A8B2-CC16-427E-8A40-8707F194D053}.Release|Any CPU.ActiveCfg = Release|Any CPU
		{DB76A8B2-CC16-427E-8A40-8707F194D053}.Release|Any CPU.Build.0 = Release|Any CPU
		{DB76A8B2-CC16-427E-8A40-8707F194D053}.Release|ARM.ActiveCfg = Release|Any CPU
		{DB76A8B2-CC16-427E-8A40-8707F194D053}.Release|x86.ActiveCfg = Release|Any CPU
		{5922E117-0926-43CF-A17A-EA9086F4E9FA}.Debug|Any CPU.ActiveCfg = Debug|Any CPU
		{5922E117-0926-43CF-A17A-EA9086F4E9FA}.Debug|Any CPU.Build.0 = Debug|Any CPU
		{5922E117-0926-43CF-A17A-EA9086F4E9FA}.Debug|ARM.ActiveCfg = Debug|Any CPU
		{5922E117-0926-43CF-A17A-EA9086F4E9FA}.Debug|x86.ActiveCfg = Debug|Any CPU
		{5922E117-0926-43CF-A17A-EA9086F4E9FA}.Release|Any CPU.ActiveCfg = Release|Any CPU
		{5922E117-0926-43CF-A17A-EA9086F4E9FA}.Release|Any CPU.Build.0 = Release|Any CPU
		{5922E117-0926-43CF-A17A-EA9086F4E9FA}.Release|ARM.ActiveCfg = Release|Any CPU
		{5922E117-0926-43CF-A17A-EA9086F4E9FA}.Release|x86.ActiveCfg = Release|Any CPU
		{32A9C94E-956D-4375-8137-9A007C261B5E}.Debug|Any CPU.ActiveCfg = Debug|Any CPU
		{32A9C94E-956D-4375-8137-9A007C261B5E}.Debug|Any CPU.Build.0 = Debug|Any CPU
		{32A9C94E-956D-4375-8137-9A007C261B5E}.Debug|Any CPU.Deploy.0 = Debug|Any CPU
		{32A9C94E-956D-4375-8137-9A007C261B5E}.Debug|ARM.ActiveCfg = Debug|ARM
		{32A9C94E-956D-4375-8137-9A007C261B5E}.Debug|ARM.Build.0 = Debug|ARM
		{32A9C94E-956D-4375-8137-9A007C261B5E}.Debug|ARM.Deploy.0 = Debug|ARM
		{32A9C94E-956D-4375-8137-9A007C261B5E}.Debug|x86.ActiveCfg = Debug|x86
		{32A9C94E-956D-4375-8137-9A007C261B5E}.Debug|x86.Build.0 = Debug|x86
		{32A9C94E-956D-4375-8137-9A007C261B5E}.Debug|x86.Deploy.0 = Debug|x86
		{32A9C94E-956D-4375-8137-9A007C261B5E}.Release|Any CPU.ActiveCfg = Release|Any CPU
		{32A9C94E-956D-4375-8137-9A007C261B5E}.Release|Any CPU.Build.0 = Release|Any CPU
		{32A9C94E-956D-4375-8137-9A007C261B5E}.Release|Any CPU.Deploy.0 = Release|Any CPU
		{32A9C94E-956D-4375-8137-9A007C261B5E}.Release|ARM.ActiveCfg = Release|ARM
		{32A9C94E-956D-4375-8137-9A007C261B5E}.Release|ARM.Build.0 = Release|ARM
		{32A9C94E-956D-4375-8137-9A007C261B5E}.Release|ARM.Deploy.0 = Release|ARM
		{32A9C94E-956D-4375-8137-9A007C261B5E}.Release|x86.ActiveCfg = Release|x86
		{32A9C94E-956D-4375-8137-9A007C261B5E}.Release|x86.Build.0 = Release|x86
		{32A9C94E-956D-4375-8137-9A007C261B5E}.Release|x86.Deploy.0 = Release|x86
	EndGlobalSection
	GlobalSection(SolutionProperties) = preSolution
		HideSolutionNode = FALSE
	EndGlobalSection
	GlobalSection(NestedProjects) = preSolution
		{32A9C94E-956D-4375-8137-9A007C261B5E} = {E05201DC-9E9F-40EA-BE7B-32C7AE446956}
	EndGlobalSection
EndGlobal
